// !$*UTF8*$!
{
	archiveVersion = 1;
	classes = {
	};
	objectVersion = 51;
	objects = {

/* Begin PBXBuildFile section */
		19ED43C16C7010FE912D52CC /* Pods_PolitiScales_PolitiScalesUITests.framework in Frameworks */ = {isa = PBXBuildFile; fileRef = 845117E4ED59E1D9BFFAA0C3 /* Pods_PolitiScales_PolitiScalesUITests.framework */; };
		201EB58CF049AD863356B034 /* Pods_PolitiScales.framework in Frameworks */ = {isa = PBXBuildFile; fileRef = F9FAA6F0519906D3A4741DA5 /* Pods_PolitiScales.framework */; };
		318CBE5E23C012C4004F2E3A /* AppDelegate.swift in Sources */ = {isa = PBXBuildFile; fileRef = 318CBE5D23C012C4004F2E3A /* AppDelegate.swift */; };
		318CBE6023C012C4004F2E3A /* SceneDelegate.swift in Sources */ = {isa = PBXBuildFile; fileRef = 318CBE5F23C012C4004F2E3A /* SceneDelegate.swift */; };
		318CBE6223C012C4004F2E3A /* QuizViewController.swift in Sources */ = {isa = PBXBuildFile; fileRef = 318CBE6123C012C4004F2E3A /* QuizViewController.swift */; };
		318CBE6523C012C4004F2E3A /* Main.storyboard in Resources */ = {isa = PBXBuildFile; fileRef = 318CBE6323C012C4004F2E3A /* Main.storyboard */; };
		318CBE6723C012C6004F2E3A /* Assets.xcassets in Resources */ = {isa = PBXBuildFile; fileRef = 318CBE6623C012C6004F2E3A /* Assets.xcassets */; };
		318CBE6A23C012C6004F2E3A /* LaunchScreen.storyboard in Resources */ = {isa = PBXBuildFile; fileRef = 318CBE6823C012C6004F2E3A /* LaunchScreen.storyboard */; };
		318CBE7223C0131C004F2E3A /* Questions.swift in Sources */ = {isa = PBXBuildFile; fileRef = 318CBE7123C0131C004F2E3A /* Questions.swift */; };
		318CBE7623C032F2004F2E3A /* HomeViewController.swift in Sources */ = {isa = PBXBuildFile; fileRef = 318CBE7523C032F2004F2E3A /* HomeViewController.swift */; };
		318CBE7823C30B53004F2E3A /* ResultViewController.swift in Sources */ = {isa = PBXBuildFile; fileRef = 318CBE7723C30B53004F2E3A /* ResultViewController.swift */; };
		4622567F2401E1FB006399C5 /* PolitiScalesUITests.swift in Sources */ = {isa = PBXBuildFile; fileRef = 4622567E2401E1FB006399C5 /* PolitiScalesUITests.swift */; };
		4622568D2401E204006399C5 /* PolitiScalesTests.swift in Sources */ = {isa = PBXBuildFile; fileRef = 4622568C2401E204006399C5 /* PolitiScalesTests.swift */; };
		462256952401E5A6006399C5 /* DuolingoButton.swift in Sources */ = {isa = PBXBuildFile; fileRef = 462256942401E5A6006399C5 /* DuolingoButton.swift */; };
		462256962401E5A6006399C5 /* DuolingoButton.swift in Sources */ = {isa = PBXBuildFile; fileRef = 462256942401E5A6006399C5 /* DuolingoButton.swift */; };
		462256972401E5A6006399C5 /* DuolingoButton.swift in Sources */ = {isa = PBXBuildFile; fileRef = 462256942401E5A6006399C5 /* DuolingoButton.swift */; };
		4622569A2401E5D4006399C5 /* DuolingoExtensions.swift in Sources */ = {isa = PBXBuildFile; fileRef = 462256992401E5D4006399C5 /* DuolingoExtensions.swift */; };
		4622569B2401E5D4006399C5 /* DuolingoExtensions.swift in Sources */ = {isa = PBXBuildFile; fileRef = 462256992401E5D4006399C5 /* DuolingoExtensions.swift */; };
		4622569C2401E5D4006399C5 /* DuolingoExtensions.swift in Sources */ = {isa = PBXBuildFile; fileRef = 462256992401E5D4006399C5 /* DuolingoExtensions.swift */; };
		4622569E2401F3B9006399C5 /* DuolingoSeparator.swift in Sources */ = {isa = PBXBuildFile; fileRef = 4622569D2401F3B9006399C5 /* DuolingoSeparator.swift */; };
		4622569F2401F3B9006399C5 /* DuolingoSeparator.swift in Sources */ = {isa = PBXBuildFile; fileRef = 4622569D2401F3B9006399C5 /* DuolingoSeparator.swift */; };
		462256A02401F3B9006399C5 /* DuolingoSeparator.swift in Sources */ = {isa = PBXBuildFile; fileRef = 4622569D2401F3B9006399C5 /* DuolingoSeparator.swift */; };
		462256A22401F984006399C5 /* DuolingoTitleLabel.swift in Sources */ = {isa = PBXBuildFile; fileRef = 462256A12401F984006399C5 /* DuolingoTitleLabel.swift */; };
		462256A32401F984006399C5 /* DuolingoTitleLabel.swift in Sources */ = {isa = PBXBuildFile; fileRef = 462256A12401F984006399C5 /* DuolingoTitleLabel.swift */; };
		462256A42401F984006399C5 /* DuolingoTitleLabel.swift in Sources */ = {isa = PBXBuildFile; fileRef = 462256A12401F984006399C5 /* DuolingoTitleLabel.swift */; };
		462256A62401F98D006399C5 /* DuolingoLabel.swift in Sources */ = {isa = PBXBuildFile; fileRef = 462256A52401F98D006399C5 /* DuolingoLabel.swift */; };
		462256A72401F98D006399C5 /* DuolingoLabel.swift in Sources */ = {isa = PBXBuildFile; fileRef = 462256A52401F98D006399C5 /* DuolingoLabel.swift */; };
		462256A82401F98D006399C5 /* DuolingoLabel.swift in Sources */ = {isa = PBXBuildFile; fileRef = 462256A52401F98D006399C5 /* DuolingoLabel.swift */; };
		462256AA24020626006399C5 /* DuolingoBorderedCard.swift in Sources */ = {isa = PBXBuildFile; fileRef = 462256A924020626006399C5 /* DuolingoBorderedCard.swift */; };
		462256AB24020626006399C5 /* DuolingoBorderedCard.swift in Sources */ = {isa = PBXBuildFile; fileRef = 462256A924020626006399C5 /* DuolingoBorderedCard.swift */; };
		462256AC24020626006399C5 /* DuolingoBorderedCard.swift in Sources */ = {isa = PBXBuildFile; fileRef = 462256A924020626006399C5 /* DuolingoBorderedCard.swift */; };
		462256D7240216E8006399C5 /* dna.svg in Resources */ = {isa = PBXBuildFile; fileRef = 462256D6240216E8006399C5 /* dna.svg */; };
		462256D8240216E8006399C5 /* dna.svg in Resources */ = {isa = PBXBuildFile; fileRef = 462256D6240216E8006399C5 /* dna.svg */; };
		462256D9240216E8006399C5 /* dna.svg in Resources */ = {isa = PBXBuildFile; fileRef = 462256D6240216E8006399C5 /* dna.svg */; };
		4C434D8A6AD2C05406F4EF7F /* Pods_PolitiScalesTests.framework in Frameworks */ = {isa = PBXBuildFile; fileRef = CEC1329C53BC402CD3BC0792 /* Pods_PolitiScalesTests.framework */; };
/* End PBXBuildFile section */

/* Begin PBXContainerItemProxy section */
		462256812401E1FB006399C5 /* PBXContainerItemProxy */ = {
			isa = PBXContainerItemProxy;
			containerPortal = 318CBE5223C012C4004F2E3A /* Project object */;
			proxyType = 1;
			remoteGlobalIDString = 318CBE5923C012C4004F2E3A;
			remoteInfo = PolitiScales;
		};
		4622568F2401E204006399C5 /* PBXContainerItemProxy */ = {
			isa = PBXContainerItemProxy;
			containerPortal = 318CBE5223C012C4004F2E3A /* Project object */;
			proxyType = 1;
			remoteGlobalIDString = 318CBE5923C012C4004F2E3A;
			remoteInfo = PolitiScales;
		};
/* End PBXContainerItemProxy section */

/* Begin PBXFileReference section */
		06CDF70B759506615980B4F1 /* Pods-PolitiScalesTests.release.xcconfig */ = {isa = PBXFileReference; includeInIndex = 1; lastKnownFileType = text.xcconfig; name = "Pods-PolitiScalesTests.release.xcconfig"; path = "Target Support Files/Pods-PolitiScalesTests/Pods-PolitiScalesTests.release.xcconfig"; sourceTree = "<group>"; };
		318CBE5A23C012C4004F2E3A /* PolitiScales.app */ = {isa = PBXFileReference; explicitFileType = wrapper.application; includeInIndex = 0; path = PolitiScales.app; sourceTree = BUILT_PRODUCTS_DIR; };
		318CBE5D23C012C4004F2E3A /* AppDelegate.swift */ = {isa = PBXFileReference; lastKnownFileType = sourcecode.swift; path = AppDelegate.swift; sourceTree = "<group>"; };
		318CBE5F23C012C4004F2E3A /* SceneDelegate.swift */ = {isa = PBXFileReference; lastKnownFileType = sourcecode.swift; path = SceneDelegate.swift; sourceTree = "<group>"; };
		318CBE6123C012C4004F2E3A /* QuizViewController.swift */ = {isa = PBXFileReference; lastKnownFileType = sourcecode.swift; path = QuizViewController.swift; sourceTree = "<group>"; };
		318CBE6423C012C4004F2E3A /* Base */ = {isa = PBXFileReference; lastKnownFileType = file.storyboard; name = Base; path = Base.lproj/Main.storyboard; sourceTree = "<group>"; };
		318CBE6623C012C6004F2E3A /* Assets.xcassets */ = {isa = PBXFileReference; lastKnownFileType = folder.assetcatalog; path = Assets.xcassets; sourceTree = "<group>"; };
		318CBE6923C012C6004F2E3A /* Base */ = {isa = PBXFileReference; lastKnownFileType = file.storyboard; name = Base; path = Base.lproj/LaunchScreen.storyboard; sourceTree = "<group>"; };
		318CBE6B23C012C6004F2E3A /* Info.plist */ = {isa = PBXFileReference; lastKnownFileType = text.plist.xml; path = Info.plist; sourceTree = "<group>"; };
		318CBE7123C0131C004F2E3A /* Questions.swift */ = {isa = PBXFileReference; lastKnownFileType = sourcecode.swift; path = Questions.swift; sourceTree = "<group>"; };
		318CBE7523C032F2004F2E3A /* HomeViewController.swift */ = {isa = PBXFileReference; lastKnownFileType = sourcecode.swift; path = HomeViewController.swift; sourceTree = "<group>"; };
		318CBE7723C30B53004F2E3A /* ResultViewController.swift */ = {isa = PBXFileReference; lastKnownFileType = sourcecode.swift; path = ResultViewController.swift; sourceTree = "<group>"; };
		3F2F19F70B04714457147317 /* Pods-PolitiScales-PolitiScalesUITests.release.xcconfig */ = {isa = PBXFileReference; includeInIndex = 1; lastKnownFileType = text.xcconfig; name = "Pods-PolitiScales-PolitiScalesUITests.release.xcconfig"; path = "Target Support Files/Pods-PolitiScales-PolitiScalesUITests/Pods-PolitiScales-PolitiScalesUITests.release.xcconfig"; sourceTree = "<group>"; };
		4622567C2401E1FB006399C5 /* PolitiScalesUITests.xctest */ = {isa = PBXFileReference; explicitFileType = wrapper.cfbundle; includeInIndex = 0; path = PolitiScalesUITests.xctest; sourceTree = BUILT_PRODUCTS_DIR; };
		4622567E2401E1FB006399C5 /* PolitiScalesUITests.swift */ = {isa = PBXFileReference; lastKnownFileType = sourcecode.swift; path = PolitiScalesUITests.swift; sourceTree = "<group>"; };
		462256802401E1FB006399C5 /* Info.plist */ = {isa = PBXFileReference; lastKnownFileType = text.plist.xml; path = Info.plist; sourceTree = "<group>"; };
		4622568A2401E204006399C5 /* PolitiScalesTests.xctest */ = {isa = PBXFileReference; explicitFileType = wrapper.cfbundle; includeInIndex = 0; path = PolitiScalesTests.xctest; sourceTree = BUILT_PRODUCTS_DIR; };
		4622568C2401E204006399C5 /* PolitiScalesTests.swift */ = {isa = PBXFileReference; lastKnownFileType = sourcecode.swift; path = PolitiScalesTests.swift; sourceTree = "<group>"; };
		4622568E2401E204006399C5 /* Info.plist */ = {isa = PBXFileReference; lastKnownFileType = text.plist.xml; path = Info.plist; sourceTree = "<group>"; };
		462256942401E5A6006399C5 /* DuolingoButton.swift */ = {isa = PBXFileReference; fileEncoding = 4; lastKnownFileType = sourcecode.swift; path = DuolingoButton.swift; sourceTree = "<group>"; };
		462256992401E5D4006399C5 /* DuolingoExtensions.swift */ = {isa = PBXFileReference; fileEncoding = 4; lastKnownFileType = sourcecode.swift; path = DuolingoExtensions.swift; sourceTree = "<group>"; };
		4622569D2401F3B9006399C5 /* DuolingoSeparator.swift */ = {isa = PBXFileReference; fileEncoding = 4; lastKnownFileType = sourcecode.swift; path = DuolingoSeparator.swift; sourceTree = "<group>"; };
		462256A12401F984006399C5 /* DuolingoTitleLabel.swift */ = {isa = PBXFileReference; fileEncoding = 4; lastKnownFileType = sourcecode.swift; path = DuolingoTitleLabel.swift; sourceTree = "<group>"; };
		462256A52401F98D006399C5 /* DuolingoLabel.swift */ = {isa = PBXFileReference; fileEncoding = 4; lastKnownFileType = sourcecode.swift; path = DuolingoLabel.swift; sourceTree = "<group>"; };
		462256A924020626006399C5 /* DuolingoBorderedCard.swift */ = {isa = PBXFileReference; fileEncoding = 4; lastKnownFileType = sourcecode.swift; path = DuolingoBorderedCard.swift; sourceTree = "<group>"; };
		462256D6240216E8006399C5 /* dna.svg */ = {isa = PBXFileReference; fileEncoding = 4; lastKnownFileType = text.xml; path = dna.svg; sourceTree = "<group>"; };
		75BEEEDE98BB0E4F4CA0CF68 /* Pods-PolitiScales.release.xcconfig */ = {isa = PBXFileReference; includeInIndex = 1; lastKnownFileType = text.xcconfig; name = "Pods-PolitiScales.release.xcconfig"; path = "Target Support Files/Pods-PolitiScales/Pods-PolitiScales.release.xcconfig"; sourceTree = "<group>"; };
		845117E4ED59E1D9BFFAA0C3 /* Pods_PolitiScales_PolitiScalesUITests.framework */ = {isa = PBXFileReference; explicitFileType = wrapper.framework; includeInIndex = 0; path = Pods_PolitiScales_PolitiScalesUITests.framework; sourceTree = BUILT_PRODUCTS_DIR; };
		926D5A4AB4A96F4D3FE4D1B7 /* Pods-PolitiScalesTests.debug.xcconfig */ = {isa = PBXFileReference; includeInIndex = 1; lastKnownFileType = text.xcconfig; name = "Pods-PolitiScalesTests.debug.xcconfig"; path = "Target Support Files/Pods-PolitiScalesTests/Pods-PolitiScalesTests.debug.xcconfig"; sourceTree = "<group>"; };
		CEC1329C53BC402CD3BC0792 /* Pods_PolitiScalesTests.framework */ = {isa = PBXFileReference; explicitFileType = wrapper.framework; includeInIndex = 0; path = Pods_PolitiScalesTests.framework; sourceTree = BUILT_PRODUCTS_DIR; };
		D1DEC38CEBA83E6460E9A7B3 /* Pods-PolitiScales.debug.xcconfig */ = {isa = PBXFileReference; includeInIndex = 1; lastKnownFileType = text.xcconfig; name = "Pods-PolitiScales.debug.xcconfig"; path = "Target Support Files/Pods-PolitiScales/Pods-PolitiScales.debug.xcconfig"; sourceTree = "<group>"; };
		E7EEBC72BE908D7BA9CEF91E /* Pods-PolitiScales-PolitiScalesUITests.debug.xcconfig */ = {isa = PBXFileReference; includeInIndex = 1; lastKnownFileType = text.xcconfig; name = "Pods-PolitiScales-PolitiScalesUITests.debug.xcconfig"; path = "Target Support Files/Pods-PolitiScales-PolitiScalesUITests/Pods-PolitiScales-PolitiScalesUITests.debug.xcconfig"; sourceTree = "<group>"; };
		F9FAA6F0519906D3A4741DA5 /* Pods_PolitiScales.framework */ = {isa = PBXFileReference; explicitFileType = wrapper.framework; includeInIndex = 0; path = Pods_PolitiScales.framework; sourceTree = BUILT_PRODUCTS_DIR; };
/* End PBXFileReference section */

/* Begin PBXFrameworksBuildPhase section */
		318CBE5723C012C4004F2E3A /* Frameworks */ = {
			isa = PBXFrameworksBuildPhase;
			buildActionMask = 2147483647;
			files = (
				201EB58CF049AD863356B034 /* Pods_PolitiScales.framework in Frameworks */,
			);
			runOnlyForDeploymentPostprocessing = 0;
		};
		462256792401E1FB006399C5 /* Frameworks */ = {
			isa = PBXFrameworksBuildPhase;
			buildActionMask = 2147483647;
			files = (
				19ED43C16C7010FE912D52CC /* Pods_PolitiScales_PolitiScalesUITests.framework in Frameworks */,
			);
			runOnlyForDeploymentPostprocessing = 0;
		};
		462256872401E204006399C5 /* Frameworks */ = {
			isa = PBXFrameworksBuildPhase;
			buildActionMask = 2147483647;
			files = (
				4C434D8A6AD2C05406F4EF7F /* Pods_PolitiScalesTests.framework in Frameworks */,
			);
			runOnlyForDeploymentPostprocessing = 0;
		};
/* End PBXFrameworksBuildPhase section */

/* Begin PBXGroup section */
		318CBE5123C012C4004F2E3A = {
			isa = PBXGroup;
			children = (
				318CBE5C23C012C4004F2E3A /* PolitiScales */,
				4622567D2401E1FB006399C5 /* PolitiScalesUITests */,
				4622568B2401E204006399C5 /* PolitiScalesTests */,
				318CBE5B23C012C4004F2E3A /* Products */,
				9A549F0BB96DDBF05157E69C /* Pods */,
				3ACD829AADA36BCD7B29C8D9 /* Frameworks */,
			);
			sourceTree = "<group>";
		};
		318CBE5B23C012C4004F2E3A /* Products */ = {
			isa = PBXGroup;
			children = (
				318CBE5A23C012C4004F2E3A /* PolitiScales.app */,
				4622567C2401E1FB006399C5 /* PolitiScalesUITests.xctest */,
				4622568A2401E204006399C5 /* PolitiScalesTests.xctest */,
			);
			name = Products;
			sourceTree = "<group>";
		};
		318CBE5C23C012C4004F2E3A /* PolitiScales */ = {
			isa = PBXGroup;
			children = (
				318CBE5D23C012C4004F2E3A /* AppDelegate.swift */,
				318CBE5F23C012C4004F2E3A /* SceneDelegate.swift */,
				318CBE7523C032F2004F2E3A /* HomeViewController.swift */,
				318CBE6123C012C4004F2E3A /* QuizViewController.swift */,
				318CBE7723C30B53004F2E3A /* ResultViewController.swift */,
				318CBE7123C0131C004F2E3A /* Questions.swift */,
				462256AD24020A1D006399C5 /* SVG */,
				462256982401E5AE006399C5 /* Duo UI */,
				318CBE6323C012C4004F2E3A /* Main.storyboard */,
				318CBE6623C012C6004F2E3A /* Assets.xcassets */,
				318CBE6823C012C6004F2E3A /* LaunchScreen.storyboard */,
				318CBE6B23C012C6004F2E3A /* Info.plist */,
			);
			path = PolitiScales;
			sourceTree = "<group>";
		};
		3ACD829AADA36BCD7B29C8D9 /* Frameworks */ = {
			isa = PBXGroup;
			children = (
				F9FAA6F0519906D3A4741DA5 /* Pods_PolitiScales.framework */,
				845117E4ED59E1D9BFFAA0C3 /* Pods_PolitiScales_PolitiScalesUITests.framework */,
				CEC1329C53BC402CD3BC0792 /* Pods_PolitiScalesTests.framework */,
			);
			name = Frameworks;
			sourceTree = "<group>";
		};
		4622567D2401E1FB006399C5 /* PolitiScalesUITests */ = {
			isa = PBXGroup;
			children = (
				4622567E2401E1FB006399C5 /* PolitiScalesUITests.swift */,
				462256802401E1FB006399C5 /* Info.plist */,
			);
			path = PolitiScalesUITests;
			sourceTree = "<group>";
		};
		4622568B2401E204006399C5 /* PolitiScalesTests */ = {
			isa = PBXGroup;
			children = (
				4622568C2401E204006399C5 /* PolitiScalesTests.swift */,
				4622568E2401E204006399C5 /* Info.plist */,
			);
			path = PolitiScalesTests;
			sourceTree = "<group>";
		};
		462256982401E5AE006399C5 /* Duo UI */ = {
			isa = PBXGroup;
			children = (
				462256A924020626006399C5 /* DuolingoBorderedCard.swift */,
				462256A52401F98D006399C5 /* DuolingoLabel.swift */,
				462256A12401F984006399C5 /* DuolingoTitleLabel.swift */,
				462256992401E5D4006399C5 /* DuolingoExtensions.swift */,
				4622569D2401F3B9006399C5 /* DuolingoSeparator.swift */,
				462256942401E5A6006399C5 /* DuolingoButton.swift */,
			);
			name = "Duo UI";
			sourceTree = "<group>";
		};
		462256AD24020A1D006399C5 /* SVG */ = {
			isa = PBXGroup;
			children = (
				462256D6240216E8006399C5 /* dna.svg */,
			);
			path = SVG;
			sourceTree = "<group>";
		};
		9A549F0BB96DDBF05157E69C /* Pods */ = {
			isa = PBXGroup;
			children = (
				D1DEC38CEBA83E6460E9A7B3 /* Pods-PolitiScales.debug.xcconfig */,
				75BEEEDE98BB0E4F4CA0CF68 /* Pods-PolitiScales.release.xcconfig */,
				E7EEBC72BE908D7BA9CEF91E /* Pods-PolitiScales-PolitiScalesUITests.debug.xcconfig */,
				3F2F19F70B04714457147317 /* Pods-PolitiScales-PolitiScalesUITests.release.xcconfig */,
				926D5A4AB4A96F4D3FE4D1B7 /* Pods-PolitiScalesTests.debug.xcconfig */,
				06CDF70B759506615980B4F1 /* Pods-PolitiScalesTests.release.xcconfig */,
			);
			path = Pods;
			sourceTree = "<group>";
		};
/* End PBXGroup section */

/* Begin PBXNativeTarget section */
		318CBE5923C012C4004F2E3A /* PolitiScales */ = {
			isa = PBXNativeTarget;
			buildConfigurationList = 318CBE6E23C012C6004F2E3A /* Build configuration list for PBXNativeTarget "PolitiScales" */;
			buildPhases = (
				BAC75B779C19A6B718D0FB31 /* [CP] Check Pods Manifest.lock */,
				318CBE5623C012C4004F2E3A /* Sources */,
				318CBE5723C012C4004F2E3A /* Frameworks */,
				318CBE5823C012C4004F2E3A /* Resources */,
				218B3D45AB3F914F25381925 /* [CP] Embed Pods Frameworks */,
			);
			buildRules = (
			);
			dependencies = (
			);
			name = PolitiScales;
			productName = PolitiScales;
			productReference = 318CBE5A23C012C4004F2E3A /* PolitiScales.app */;
			productType = "com.apple.product-type.application";
		};
		4622567B2401E1FB006399C5 /* PolitiScalesUITests */ = {
			isa = PBXNativeTarget;
			buildConfigurationList = 462256852401E1FB006399C5 /* Build configuration list for PBXNativeTarget "PolitiScalesUITests" */;
			buildPhases = (
				00F123CC1B705060998234BE /* [CP] Check Pods Manifest.lock */,
				462256782401E1FB006399C5 /* Sources */,
				462256792401E1FB006399C5 /* Frameworks */,
				4622567A2401E1FB006399C5 /* Resources */,
				BCB545CFFC3288BC6F66B570 /* [CP] Embed Pods Frameworks */,
			);
			buildRules = (
			);
			dependencies = (
				462256822401E1FB006399C5 /* PBXTargetDependency */,
			);
			name = PolitiScalesUITests;
			productName = PolitiScalesUITests;
			productReference = 4622567C2401E1FB006399C5 /* PolitiScalesUITests.xctest */;
			productType = "com.apple.product-type.bundle.ui-testing";
		};
		462256892401E204006399C5 /* PolitiScalesTests */ = {
			isa = PBXNativeTarget;
			buildConfigurationList = 462256912401E204006399C5 /* Build configuration list for PBXNativeTarget "PolitiScalesTests" */;
			buildPhases = (
				D8C6660739F105A579A777CA /* [CP] Check Pods Manifest.lock */,
				462256862401E204006399C5 /* Sources */,
				462256872401E204006399C5 /* Frameworks */,
				462256882401E204006399C5 /* Resources */,
			);
			buildRules = (
			);
			dependencies = (
				462256902401E204006399C5 /* PBXTargetDependency */,
			);
			name = PolitiScalesTests;
			productName = PolitiScalesTests;
			productReference = 4622568A2401E204006399C5 /* PolitiScalesTests.xctest */;
			productType = "com.apple.product-type.bundle.unit-test";
		};
/* End PBXNativeTarget section */

/* Begin PBXProject section */
		318CBE5223C012C4004F2E3A /* Project object */ = {
			isa = PBXProject;
			attributes = {
				LastSwiftUpdateCheck = 1130;
				LastUpgradeCheck = 1100;
				ORGANIZATIONNAME = jarviswu;
				TargetAttributes = {
					318CBE5923C012C4004F2E3A = {
						CreatedOnToolsVersion = 11.0;
					};
					4622567B2401E1FB006399C5 = {
						CreatedOnToolsVersion = 11.3;
						TestTargetID = 318CBE5923C012C4004F2E3A;
					};
					462256892401E204006399C5 = {
						CreatedOnToolsVersion = 11.3;
						TestTargetID = 318CBE5923C012C4004F2E3A;
					};
				};
			};
			buildConfigurationList = 318CBE5523C012C4004F2E3A /* Build configuration list for PBXProject "PolitiScales" */;
			compatibilityVersion = "Xcode 9.3";
			developmentRegion = en;
			hasScannedForEncodings = 0;
			knownRegions = (
				en,
				Base,
			);
			mainGroup = 318CBE5123C012C4004F2E3A;
			productRefGroup = 318CBE5B23C012C4004F2E3A /* Products */;
			projectDirPath = "";
			projectRoot = "";
			targets = (
				318CBE5923C012C4004F2E3A /* PolitiScales */,
				4622567B2401E1FB006399C5 /* PolitiScalesUITests */,
				462256892401E204006399C5 /* PolitiScalesTests */,
			);
		};
/* End PBXProject section */

/* Begin PBXResourcesBuildPhase section */
		318CBE5823C012C4004F2E3A /* Resources */ = {
			isa = PBXResourcesBuildPhase;
			buildActionMask = 2147483647;
			files = (
				318CBE6A23C012C6004F2E3A /* LaunchScreen.storyboard in Resources */,
				462256D7240216E8006399C5 /* dna.svg in Resources */,
				318CBE6723C012C6004F2E3A /* Assets.xcassets in Resources */,
				318CBE6523C012C4004F2E3A /* Main.storyboard in Resources */,
			);
			runOnlyForDeploymentPostprocessing = 0;
		};
		4622567A2401E1FB006399C5 /* Resources */ = {
			isa = PBXResourcesBuildPhase;
			buildActionMask = 2147483647;
			files = (
				462256D8240216E8006399C5 /* dna.svg in Resources */,
			);
			runOnlyForDeploymentPostprocessing = 0;
		};
		462256882401E204006399C5 /* Resources */ = {
			isa = PBXResourcesBuildPhase;
			buildActionMask = 2147483647;
			files = (
				462256D9240216E8006399C5 /* dna.svg in Resources */,
			);
			runOnlyForDeploymentPostprocessing = 0;
		};
/* End PBXResourcesBuildPhase section */

/* Begin PBXShellScriptBuildPhase section */
		00F123CC1B705060998234BE /* [CP] Check Pods Manifest.lock */ = {
			isa = PBXShellScriptBuildPhase;
			buildActionMask = 2147483647;
			files = (
			);
			inputFileListPaths = (
			);
			inputPaths = (
				"${PODS_PODFILE_DIR_PATH}/Podfile.lock",
				"${PODS_ROOT}/Manifest.lock",
			);
			name = "[CP] Check Pods Manifest.lock";
			outputFileListPaths = (
			);
			outputPaths = (
				"$(DERIVED_FILE_DIR)/Pods-PolitiScales-PolitiScalesUITests-checkManifestLockResult.txt",
			);
			runOnlyForDeploymentPostprocessing = 0;
			shellPath = /bin/sh;
			shellScript = "diff \"${PODS_PODFILE_DIR_PATH}/Podfile.lock\" \"${PODS_ROOT}/Manifest.lock\" > /dev/null\nif [ $? != 0 ] ; then\n    # print error to STDERR\n    echo \"error: The sandbox is not in sync with the Podfile.lock. Run 'pod install' or update your CocoaPods installation.\" >&2\n    exit 1\nfi\n# This output is used by Xcode 'outputs' to avoid re-running this script phase.\necho \"SUCCESS\" > \"${SCRIPT_OUTPUT_FILE_0}\"\n";
			showEnvVarsInLog = 0;
		};
		218B3D45AB3F914F25381925 /* [CP] Embed Pods Frameworks */ = {
			isa = PBXShellScriptBuildPhase;
			buildActionMask = 2147483647;
			files = (
			);
			inputFileListPaths = (
				"${PODS_ROOT}/Target Support Files/Pods-PolitiScales/Pods-PolitiScales-frameworks-${CONFIGURATION}-input-files.xcfilelist",
			);
			name = "[CP] Embed Pods Frameworks";
			outputFileListPaths = (
				"${PODS_ROOT}/Target Support Files/Pods-PolitiScales/Pods-PolitiScales-frameworks-${CONFIGURATION}-output-files.xcfilelist",
			);
			runOnlyForDeploymentPostprocessing = 0;
			shellPath = /bin/sh;
			shellScript = "\"${PODS_ROOT}/Target Support Files/Pods-PolitiScales/Pods-PolitiScales-frameworks.sh\"\n";
			showEnvVarsInLog = 0;
		};
		BAC75B779C19A6B718D0FB31 /* [CP] Check Pods Manifest.lock */ = {
			isa = PBXShellScriptBuildPhase;
			buildActionMask = 2147483647;
			files = (
			);
			inputFileListPaths = (
			);
			inputPaths = (
				"${PODS_PODFILE_DIR_PATH}/Podfile.lock",
				"${PODS_ROOT}/Manifest.lock",
			);
			name = "[CP] Check Pods Manifest.lock";
			outputFileListPaths = (
			);
			outputPaths = (
				"$(DERIVED_FILE_DIR)/Pods-PolitiScales-checkManifestLockResult.txt",
			);
			runOnlyForDeploymentPostprocessing = 0;
			shellPath = /bin/sh;
			shellScript = "diff \"${PODS_PODFILE_DIR_PATH}/Podfile.lock\" \"${PODS_ROOT}/Manifest.lock\" > /dev/null\nif [ $? != 0 ] ; then\n    # print error to STDERR\n    echo \"error: The sandbox is not in sync with the Podfile.lock. Run 'pod install' or update your CocoaPods installation.\" >&2\n    exit 1\nfi\n# This output is used by Xcode 'outputs' to avoid re-running this script phase.\necho \"SUCCESS\" > \"${SCRIPT_OUTPUT_FILE_0}\"\n";
			showEnvVarsInLog = 0;
		};
		BCB545CFFC3288BC6F66B570 /* [CP] Embed Pods Frameworks */ = {
			isa = PBXShellScriptBuildPhase;
			buildActionMask = 2147483647;
			files = (
			);
			inputFileListPaths = (
				"${PODS_ROOT}/Target Support Files/Pods-PolitiScales-PolitiScalesUITests/Pods-PolitiScales-PolitiScalesUITests-frameworks-${CONFIGURATION}-input-files.xcfilelist",
			);
			name = "[CP] Embed Pods Frameworks";
			outputFileListPaths = (
				"${PODS_ROOT}/Target Support Files/Pods-PolitiScales-PolitiScalesUITests/Pods-PolitiScales-PolitiScalesUITests-frameworks-${CONFIGURATION}-output-files.xcfilelist",
			);
			runOnlyForDeploymentPostprocessing = 0;
			shellPath = /bin/sh;
			shellScript = "\"${PODS_ROOT}/Target Support Files/Pods-PolitiScales-PolitiScalesUITests/Pods-PolitiScales-PolitiScalesUITests-frameworks.sh\"\n";
			showEnvVarsInLog = 0;
		};
		D8C6660739F105A579A777CA /* [CP] Check Pods Manifest.lock */ = {
			isa = PBXShellScriptBuildPhase;
			buildActionMask = 2147483647;
			files = (
			);
			inputFileListPaths = (
			);
			inputPaths = (
				"${PODS_PODFILE_DIR_PATH}/Podfile.lock",
				"${PODS_ROOT}/Manifest.lock",
			);
			name = "[CP] Check Pods Manifest.lock";
			outputFileListPaths = (
			);
			outputPaths = (
				"$(DERIVED_FILE_DIR)/Pods-PolitiScalesTests-checkManifestLockResult.txt",
			);
			runOnlyForDeploymentPostprocessing = 0;
			shellPath = /bin/sh;
			shellScript = "diff \"${PODS_PODFILE_DIR_PATH}/Podfile.lock\" \"${PODS_ROOT}/Manifest.lock\" > /dev/null\nif [ $? != 0 ] ; then\n    # print error to STDERR\n    echo \"error: The sandbox is not in sync with the Podfile.lock. Run 'pod install' or update your CocoaPods installation.\" >&2\n    exit 1\nfi\n# This output is used by Xcode 'outputs' to avoid re-running this script phase.\necho \"SUCCESS\" > \"${SCRIPT_OUTPUT_FILE_0}\"\n";
			showEnvVarsInLog = 0;
		};
/* End PBXShellScriptBuildPhase section */

/* Begin PBXSourcesBuildPhase section */
		318CBE5623C012C4004F2E3A /* Sources */ = {
			isa = PBXSourcesBuildPhase;
			buildActionMask = 2147483647;
			files = (
				4622569E2401F3B9006399C5 /* DuolingoSeparator.swift in Sources */,
				318CBE7623C032F2004F2E3A /* HomeViewController.swift in Sources */,
				318CBE6223C012C4004F2E3A /* QuizViewController.swift in Sources */,
				462256AA24020626006399C5 /* DuolingoBorderedCard.swift in Sources */,
				462256952401E5A6006399C5 /* DuolingoButton.swift in Sources */,
				318CBE7223C0131C004F2E3A /* Questions.swift in Sources */,
				462256A62401F98D006399C5 /* DuolingoLabel.swift in Sources */,
				4622569A2401E5D4006399C5 /* DuolingoExtensions.swift in Sources */,
				318CBE5E23C012C4004F2E3A /* AppDelegate.swift in Sources */,
				318CBE6023C012C4004F2E3A /* SceneDelegate.swift in Sources */,
				462256A22401F984006399C5 /* DuolingoTitleLabel.swift in Sources */,
				318CBE7823C30B53004F2E3A /* ResultViewController.swift in Sources */,
			);
			runOnlyForDeploymentPostprocessing = 0;
		};
		462256782401E1FB006399C5 /* Sources */ = {
			isa = PBXSourcesBuildPhase;
			buildActionMask = 2147483647;
			files = (
				4622569F2401F3B9006399C5 /* DuolingoSeparator.swift in Sources */,
				4622569B2401E5D4006399C5 /* DuolingoExtensions.swift in Sources */,
				462256AB24020626006399C5 /* DuolingoBorderedCard.swift in Sources */,
				462256962401E5A6006399C5 /* DuolingoButton.swift in Sources */,
				462256A32401F984006399C5 /* DuolingoTitleLabel.swift in Sources */,
				4622567F2401E1FB006399C5 /* PolitiScalesUITests.swift in Sources */,
				462256A72401F98D006399C5 /* DuolingoLabel.swift in Sources */,
			);
			runOnlyForDeploymentPostprocessing = 0;
		};
		462256862401E204006399C5 /* Sources */ = {
			isa = PBXSourcesBuildPhase;
			buildActionMask = 2147483647;
			files = (
				462256A02401F3B9006399C5 /* DuolingoSeparator.swift in Sources */,
				4622569C2401E5D4006399C5 /* DuolingoExtensions.swift in Sources */,
				462256AC24020626006399C5 /* DuolingoBorderedCard.swift in Sources */,
				462256972401E5A6006399C5 /* DuolingoButton.swift in Sources */,
				462256A42401F984006399C5 /* DuolingoTitleLabel.swift in Sources */,
				4622568D2401E204006399C5 /* PolitiScalesTests.swift in Sources */,
				462256A82401F98D006399C5 /* DuolingoLabel.swift in Sources */,
			);
			runOnlyForDeploymentPostprocessing = 0;
		};
/* End PBXSourcesBuildPhase section */

/* Begin PBXTargetDependency section */
		462256822401E1FB006399C5 /* PBXTargetDependency */ = {
			isa = PBXTargetDependency;
			target = 318CBE5923C012C4004F2E3A /* PolitiScales */;
			targetProxy = 462256812401E1FB006399C5 /* PBXContainerItemProxy */;
		};
		462256902401E204006399C5 /* PBXTargetDependency */ = {
			isa = PBXTargetDependency;
			target = 318CBE5923C012C4004F2E3A /* PolitiScales */;
			targetProxy = 4622568F2401E204006399C5 /* PBXContainerItemProxy */;
		};
/* End PBXTargetDependency section */

/* Begin PBXVariantGroup section */
		318CBE6323C012C4004F2E3A /* Main.storyboard */ = {
			isa = PBXVariantGroup;
			children = (
				318CBE6423C012C4004F2E3A /* Base */,
			);
			name = Main.storyboard;
			sourceTree = "<group>";
		};
		318CBE6823C012C6004F2E3A /* LaunchScreen.storyboard */ = {
			isa = PBXVariantGroup;
			children = (
				318CBE6923C012C6004F2E3A /* Base */,
			);
			name = LaunchScreen.storyboard;
			sourceTree = "<group>";
		};
/* End PBXVariantGroup section */

/* Begin XCBuildConfiguration section */
		318CBE6C23C012C6004F2E3A /* Debug */ = {
			isa = XCBuildConfiguration;
			buildSettings = {
				ALWAYS_SEARCH_USER_PATHS = NO;
				CLANG_ANALYZER_NONNULL = YES;
				CLANG_ANALYZER_NUMBER_OBJECT_CONVERSION = YES_AGGRESSIVE;
				CLANG_CXX_LANGUAGE_STANDARD = "gnu++14";
				CLANG_CXX_LIBRARY = "libc++";
				CLANG_ENABLE_MODULES = YES;
				CLANG_ENABLE_OBJC_ARC = YES;
				CLANG_ENABLE_OBJC_WEAK = YES;
				CLANG_WARN_BLOCK_CAPTURE_AUTORELEASING = YES;
				CLANG_WARN_BOOL_CONVERSION = YES;
				CLANG_WARN_COMMA = YES;
				CLANG_WARN_CONSTANT_CONVERSION = YES;
				CLANG_WARN_DEPRECATED_OBJC_IMPLEMENTATIONS = YES;
				CLANG_WARN_DIRECT_OBJC_ISA_USAGE = YES_ERROR;
				CLANG_WARN_DOCUMENTATION_COMMENTS = YES;
				CLANG_WARN_EMPTY_BODY = YES;
				CLANG_WARN_ENUM_CONVERSION = YES;
				CLANG_WARN_INFINITE_RECURSION = YES;
				CLANG_WARN_INT_CONVERSION = YES;
				CLANG_WARN_NON_LITERAL_NULL_CONVERSION = YES;
				CLANG_WARN_OBJC_IMPLICIT_RETAIN_SELF = YES;
				CLANG_WARN_OBJC_LITERAL_CONVERSION = YES;
				CLANG_WARN_OBJC_ROOT_CLASS = YES_ERROR;
				CLANG_WARN_RANGE_LOOP_ANALYSIS = YES;
				CLANG_WARN_STRICT_PROTOTYPES = YES;
				CLANG_WARN_SUSPICIOUS_MOVE = YES;
				CLANG_WARN_UNGUARDED_AVAILABILITY = YES_AGGRESSIVE;
				CLANG_WARN_UNREACHABLE_CODE = YES;
				CLANG_WARN__DUPLICATE_METHOD_MATCH = YES;
				COPY_PHASE_STRIP = NO;
				DEBUG_INFORMATION_FORMAT = dwarf;
				ENABLE_STRICT_OBJC_MSGSEND = YES;
				ENABLE_TESTABILITY = YES;
				GCC_C_LANGUAGE_STANDARD = gnu11;
				GCC_DYNAMIC_NO_PIC = NO;
				GCC_NO_COMMON_BLOCKS = YES;
				GCC_OPTIMIZATION_LEVEL = 0;
				GCC_PREPROCESSOR_DEFINITIONS = (
					"DEBUG=1",
					"$(inherited)",
				);
				GCC_WARN_64_TO_32_BIT_CONVERSION = YES;
				GCC_WARN_ABOUT_RETURN_TYPE = YES_ERROR;
				GCC_WARN_UNDECLARED_SELECTOR = YES;
				GCC_WARN_UNINITIALIZED_AUTOS = YES_AGGRESSIVE;
				GCC_WARN_UNUSED_FUNCTION = YES;
				GCC_WARN_UNUSED_VARIABLE = YES;
				IPHONEOS_DEPLOYMENT_TARGET = 13.0;
				MTL_ENABLE_DEBUG_INFO = INCLUDE_SOURCE;
				MTL_FAST_MATH = YES;
				ONLY_ACTIVE_ARCH = YES;
				SDKROOT = iphoneos;
				SWIFT_ACTIVE_COMPILATION_CONDITIONS = DEBUG;
				SWIFT_OPTIMIZATION_LEVEL = "-Onone";
			};
			name = Debug;
		};
		318CBE6D23C012C6004F2E3A /* Release */ = {
			isa = XCBuildConfiguration;
			buildSettings = {
				ALWAYS_SEARCH_USER_PATHS = NO;
				CLANG_ANALYZER_NONNULL = YES;
				CLANG_ANALYZER_NUMBER_OBJECT_CONVERSION = YES_AGGRESSIVE;
				CLANG_CXX_LANGUAGE_STANDARD = "gnu++14";
				CLANG_CXX_LIBRARY = "libc++";
				CLANG_ENABLE_MODULES = YES;
				CLANG_ENABLE_OBJC_ARC = YES;
				CLANG_ENABLE_OBJC_WEAK = YES;
				CLANG_WARN_BLOCK_CAPTURE_AUTORELEASING = YES;
				CLANG_WARN_BOOL_CONVERSION = YES;
				CLANG_WARN_COMMA = YES;
				CLANG_WARN_CONSTANT_CONVERSION = YES;
				CLANG_WARN_DEPRECATED_OBJC_IMPLEMENTATIONS = YES;
				CLANG_WARN_DIRECT_OBJC_ISA_USAGE = YES_ERROR;
				CLANG_WARN_DOCUMENTATION_COMMENTS = YES;
				CLANG_WARN_EMPTY_BODY = YES;
				CLANG_WARN_ENUM_CONVERSION = YES;
				CLANG_WARN_INFINITE_RECURSION = YES;
				CLANG_WARN_INT_CONVERSION = YES;
				CLANG_WARN_NON_LITERAL_NULL_CONVERSION = YES;
				CLANG_WARN_OBJC_IMPLICIT_RETAIN_SELF = YES;
				CLANG_WARN_OBJC_LITERAL_CONVERSION = YES;
				CLANG_WARN_OBJC_ROOT_CLASS = YES_ERROR;
				CLANG_WARN_RANGE_LOOP_ANALYSIS = YES;
				CLANG_WARN_STRICT_PROTOTYPES = YES;
				CLANG_WARN_SUSPICIOUS_MOVE = YES;
				CLANG_WARN_UNGUARDED_AVAILABILITY = YES_AGGRESSIVE;
				CLANG_WARN_UNREACHABLE_CODE = YES;
				CLANG_WARN__DUPLICATE_METHOD_MATCH = YES;
				COPY_PHASE_STRIP = NO;
				DEBUG_INFORMATION_FORMAT = "dwarf-with-dsym";
				ENABLE_NS_ASSERTIONS = NO;
				ENABLE_STRICT_OBJC_MSGSEND = YES;
				GCC_C_LANGUAGE_STANDARD = gnu11;
				GCC_NO_COMMON_BLOCKS = YES;
				GCC_WARN_64_TO_32_BIT_CONVERSION = YES;
				GCC_WARN_ABOUT_RETURN_TYPE = YES_ERROR;
				GCC_WARN_UNDECLARED_SELECTOR = YES;
				GCC_WARN_UNINITIALIZED_AUTOS = YES_AGGRESSIVE;
				GCC_WARN_UNUSED_FUNCTION = YES;
				GCC_WARN_UNUSED_VARIABLE = YES;
				IPHONEOS_DEPLOYMENT_TARGET = 13.0;
				MTL_ENABLE_DEBUG_INFO = NO;
				MTL_FAST_MATH = YES;
				SDKROOT = iphoneos;
				SWIFT_COMPILATION_MODE = wholemodule;
				SWIFT_OPTIMIZATION_LEVEL = "-O";
				VALIDATE_PRODUCT = YES;
			};
			name = Release;
		};
		318CBE6F23C012C6004F2E3A /* Debug */ = {
			isa = XCBuildConfiguration;
			baseConfigurationReference = D1DEC38CEBA83E6460E9A7B3 /* Pods-PolitiScales.debug.xcconfig */;
			buildSettings = {
				ASSETCATALOG_COMPILER_APPICON_NAME = AppIcon;
				CODE_SIGN_STYLE = Automatic;
				DEVELOPMENT_TEAM = 9A8H575U4L;
				INFOPLIST_FILE = PolitiScales/Info.plist;
				LD_RUNPATH_SEARCH_PATHS = (
					"$(inherited)",
					"@executable_path/Frameworks",
				);
				PRODUCT_BUNDLE_IDENTIFIER = me.jarviswu.PolitiScales;
				PRODUCT_NAME = "$(TARGET_NAME)";
				SWIFT_VERSION = 5.0;
				TARGETED_DEVICE_FAMILY = "1,2";
			};
			name = Debug;
		};
		318CBE7023C012C6004F2E3A /* Release */ = {
			isa = XCBuildConfiguration;
			baseConfigurationReference = 75BEEEDE98BB0E4F4CA0CF68 /* Pods-PolitiScales.release.xcconfig */;
			buildSettings = {
				ASSETCATALOG_COMPILER_APPICON_NAME = AppIcon;
				CODE_SIGN_STYLE = Automatic;
				DEVELOPMENT_TEAM = 9A8H575U4L;
				INFOPLIST_FILE = PolitiScales/Info.plist;
				LD_RUNPATH_SEARCH_PATHS = (
					"$(inherited)",
					"@executable_path/Frameworks",
				);
				PRODUCT_BUNDLE_IDENTIFIER = me.jarviswu.PolitiScales;
				PRODUCT_NAME = "$(TARGET_NAME)";
				SWIFT_VERSION = 5.0;
				TARGETED_DEVICE_FAMILY = "1,2";
			};
			name = Release;
		};
		462256832401E1FB006399C5 /* Debug */ = {
			isa = XCBuildConfiguration;
			baseConfigurationReference = E7EEBC72BE908D7BA9CEF91E /* Pods-PolitiScales-PolitiScalesUITests.debug.xcconfig */;
			buildSettings = {
				CODE_SIGN_STYLE = Automatic;
				DEVELOPMENT_TEAM = 9A8H575U4L;
				INFOPLIST_FILE = PolitiScalesUITests/Info.plist;
				IPHONEOS_DEPLOYMENT_TARGET = 13.2;
				LD_RUNPATH_SEARCH_PATHS = (
					"$(inherited)",
					"@executable_path/Frameworks",
					"@loader_path/Frameworks",
				);
				PRODUCT_BUNDLE_IDENTIFIER = jarviswu.PolitiScalesUITests;
				PRODUCT_NAME = "$(TARGET_NAME)";
				SWIFT_VERSION = 5.0;
				TARGETED_DEVICE_FAMILY = "1,2";
				TEST_TARGET_NAME = PolitiScales;
			};
			name = Debug;
		};
		462256842401E1FB006399C5 /* Release */ = {
			isa = XCBuildConfiguration;
			baseConfigurationReference = 3F2F19F70B04714457147317 /* Pods-PolitiScales-PolitiScalesUITests.release.xcconfig */;
			buildSettings = {
				CODE_SIGN_STYLE = Automatic;
				DEVELOPMENT_TEAM = 9A8H575U4L;
				INFOPLIST_FILE = PolitiScalesUITests/Info.plist;
				IPHONEOS_DEPLOYMENT_TARGET = 13.2;
				LD_RUNPATH_SEARCH_PATHS = (
					"$(inherited)",
					"@executable_path/Frameworks",
					"@loader_path/Frameworks",
				);
				PRODUCT_BUNDLE_IDENTIFIER = jarviswu.PolitiScalesUITests;
				PRODUCT_NAME = "$(TARGET_NAME)";
				SWIFT_VERSION = 5.0;
				TARGETED_DEVICE_FAMILY = "1,2";
				TEST_TARGET_NAME = PolitiScales;
			};
			name = Release;
		};
		462256922401E204006399C5 /* Debug */ = {
			isa = XCBuildConfiguration;
			baseConfigurationReference = 926D5A4AB4A96F4D3FE4D1B7 /* Pods-PolitiScalesTests.debug.xcconfig */;
			buildSettings = {
				BUNDLE_LOADER = "$(TEST_HOST)";
				CODE_SIGN_STYLE = Automatic;
				DEVELOPMENT_TEAM = 9A8H575U4L;
				INFOPLIST_FILE = PolitiScalesTests/Info.plist;
				IPHONEOS_DEPLOYMENT_TARGET = 13.2;
				LD_RUNPATH_SEARCH_PATHS = (
					"$(inherited)",
					"@executable_path/Frameworks",
					"@loader_path/Frameworks",
				);
				PRODUCT_BUNDLE_IDENTIFIER = jarviswu.PolitiScalesTests;
				PRODUCT_NAME = "$(TARGET_NAME)";
				SWIFT_VERSION = 5.0;
				TARGETED_DEVICE_FAMILY = "1,2";
				TEST_HOST = "$(BUILT_PRODUCTS_DIR)/PolitiScales.app/PolitiScales";
			};
			name = Debug;
		};
		462256932401E204006399C5 /* Release */ = {
			isa = XCBuildConfiguration;
			baseConfigurationReference = 06CDF70B759506615980B4F1 /* Pods-PolitiScalesTests.release.xcconfig */;
			buildSettings = {
				BUNDLE_LOADER = "$(TEST_HOST)";
				CODE_SIGN_STYLE = Automatic;
				DEVELOPMENT_TEAM = 9A8H575U4L;
				INFOPLIST_FILE = PolitiScalesTests/Info.plist;
				IPHONEOS_DEPLOYMENT_TARGET = 13.2;
				LD_RUNPATH_SEARCH_PATHS = (
					"$(inherited)",
					"@executable_path/Frameworks",
					"@loader_path/Frameworks",
				);
				PRODUCT_BUNDLE_IDENTIFIER = jarviswu.PolitiScalesTests;
				PRODUCT_NAME = "$(TARGET_NAME)";
				SWIFT_VERSION = 5.0;
				TARGETED_DEVICE_FAMILY = "1,2";
				TEST_HOST = "$(BUILT_PRODUCTS_DIR)/PolitiScales.app/PolitiScales";
			};
			name = Release;
		};
/* End XCBuildConfiguration section */

/* Begin XCConfigurationList section */
		318CBE5523C012C4004F2E3A /* Build configuration list for PBXProject "PolitiScales" */ = {
			isa = XCConfigurationList;
			buildConfigurations = (
				318CBE6C23C012C6004F2E3A /* Debug */,
				318CBE6D23C012C6004F2E3A /* Release */,
			);
			defaultConfigurationIsVisible = 0;
			defaultConfigurationName = Release;
		};
		318CBE6E23C012C6004F2E3A /* Build configuration list for PBXNativeTarget "PolitiScales" */ = {
			isa = XCConfigurationList;
			buildConfigurations = (
				318CBE6F23C012C6004F2E3A /* Debug */,
				318CBE7023C012C6004F2E3A /* Release */,
			);
			defaultConfigurationIsVisible = 0;
			defaultConfigurationName = Release;
		};
		462256852401E1FB006399C5 /* Build configuration list for PBXNativeTarget "PolitiScalesUITests" */ = {
			isa = XCConfigurationList;
			buildConfigurations = (
				462256832401E1FB006399C5 /* Debug */,
				462256842401E1FB006399C5 /* Release */,
			);
			defaultConfigurationIsVisible = 0;
			defaultConfigurationName = Release;
		};
		462256912401E204006399C5 /* Build configuration list for PBXNativeTarget "PolitiScalesTests" */ = {
			isa = XCConfigurationList;
			buildConfigurations = (
				462256922401E204006399C5 /* Debug */,
				462256932401E204006399C5 /* Release */,
			);
			defaultConfigurationIsVisible = 0;
			defaultConfigurationName = Release;
		};
/* End XCConfigurationList section */
	};
	rootObject = 318CBE5223C012C4004F2E3A /* Project object */;
}
